{
  "name": "test",
  "lockfileVersion": 2,
  "requires": true,
  "packages": {
    "": {
      "dependencies": {
        "portfolio-project": "^2.0.3"
      }
    },
    "node_modules/portfolio-project": {
      "version": "2.0.3",
      "resolved": "https://registry.npmjs.org/portfolio-project/-/portfolio-project-2.0.3.tgz",
      "integrity": "sha512-pjeJ2ruyWYnpdgwWpLwtf1vQ14mOg4hOEZSa3CTO5Zkf1NyNb4lvtpHEnXl5R0lU20A7T77WYJLCinmu80Ay4A==",
      "dependencies": {
        "xmlhttprequest": "^1.8.0"
      }
    },
    "node_modules/xmlhttprequest": {
      "version": "1.8.0",
      "resolved": "https://registry.npmjs.org/xmlhttprequest/-/xmlhttprequest-1.8.0.tgz",
      "integrity": "sha1-Z/4HXFwk/vOfnWX197f+dRcZaPw=",
      "engines": {
        "node": ">=0.4.0"
      }
    }
  },
  "dependencies": {
    "portfolio-project": {
      "version": "2.0.3",
      "resolved": "https://registry.npmjs.org/portfolio-project/-/portfolio-project-2.0.3.tgz",
      "integrity": "sha512-pjeJ2ruyWYnpdgwWpLwtf1vQ14mOg4hOEZSa3CTO5Zkf1NyNb4lvtpHEnXl5R0lU20A7T77WYJLCinmu80Ay4A==",
      "requires": {
        "xmlhttprequest": "^1.8.0"
      }
    },
    "xmlhttprequest": {
      "version": "1.8.0",
      "resolved": "https://registry.npmjs.org/xmlhttprequest/-/xmlhttprequest-1.8.0.tgz",
      "integrity": "sha1-Z/4HXFwk/vOfnWX197f+dRcZaPw="
    }
  }
}
